// !$*UTF8*$!
{
	archiveVersion = 1;
	classes = {
	};
	objectVersion = 56;
	objects = {

/* Begin PBXBuildFile section */
		OurAppApp.swift in Sources = {isa = PBXBuildFile; };
		ContentView.swift in Sources = {isa = PBXBuildFile; };
		Models.swift in Sources = {isa = PBXBuildFile; };
		FirebaseManager.swift in Sources = {isa = PBXBuildFile; };
		VoiceMessagesView.swift in Sources = {isa = PBXBuildFile; };
		PhotoGalleryView.swift in Sources = {isa = PBXBuildFile; };
		CalendarView.swift in Sources = {isa = PBXBuildFile; };
		GoogleService-Info.plist in Resources = {isa = PBXBuildFile; };
/* End PBXBuildFile section */

/* Begin PBXFileReference section */
		OurApp.app = {isa = PBXFileReference; explicitFileType = wrapper.application; includeInIndex = 0; path = OurApp.app; sourceTree = BUILT_PRODUCTS_DIR; };
		OurAppApp.swift = {isa = PBXFileReference; lastKnownFileType = sourcecode.swift; path = OurAppApp.swift; sourceTree = "<group>"; };
		ContentView.swift = {isa = PBXFileReference; lastKnownFileType = sourcecode.swift; path = ContentView.swift; sourceTree = "<group>"; };
		Models.swift = {isa = PBXFileReference; lastKnownFileType = sourcecode.swift; path = Models.swift; sourceTree = "<group>"; };
		FirebaseManager.swift = {isa = PBXFileReference; lastKnownFileType = sourcecode.swift; path = FirebaseManager.swift; sourceTree = "<group>"; };
		VoiceMessagesView.swift = {isa = PBXFileReference; lastKnownFileType = sourcecode.swift; path = VoiceMessagesView.swift; sourceTree = "<group>"; };
		PhotoGalleryView.swift = {isa = PBXFileReference; lastKnownFileType = sourcecode.swift; path = PhotoGalleryView.swift; sourceTree = "<group>"; };
		CalendarView.swift = {isa = PBXFileReference; lastKnownFileType = sourcecode.swift; path = CalendarView.swift; sourceTree = "<group>"; };
		Info.plist = {isa = PBXFileReference; lastKnownFileType = text.plist.xml; path = Info.plist; sourceTree = "<group>"; };
		GoogleService-Info.plist = {isa = PBXFileReference; lastKnownFileType = text.plist.xml; path = "GoogleService-Info.plist"; sourceTree = "<group>"; };
/* End PBXFileReference section */

/* Begin PBXGroup section */
		OurApp = {
			isa = PBXGroup;
			children = (
				OurAppApp.swift,
				ContentView.swift,
				Models.swift,
				FirebaseManager.swift,
				VoiceMessagesView.swift,
				PhotoGalleryView.swift,
				CalendarView.swift,
				Info.plist,
				GoogleService-Info.plist,
			);
			path = OurApp;
			sourceTree = "<group>";
		};
/* End PBXGroup section */

/* Begin XCBuildConfiguration section */
		Debug = {
			isa = XCBuildConfiguration;
			buildSettings = {
				PRODUCT_NAME = "Us 💜";
				PRODUCT_BUNDLE_IDENTIFIER = "com.yourname.ourapp";
				INFOPLIST_FILE = OurApp/Info.plist;
				IPHONEOS_DEPLOYMENT_TARGET = 17.0;
				SWIFT_VERSION = 5.0;
				TARGETED_DEVICE_FAMILY = "1,2";
			};
			name = Debug;
		};
		Release = {
			isa = XCBuildConfiguration;
			buildSettings = {
				PRODUCT_NAME = "Us 💜";
				PRODUCT_BUNDLE_IDENTIFIER = "com.yourname.ourapp";
				INFOPLIST_FILE = OurApp/Info.plist;
				IPHONEOS_DEPLOYMENT_TARGET = 17.0;
				SWIFT_VERSION = 5.0;
				TARGETED_DEVICE_FAMILY = "1,2";
			};
			name = Release;
		};
/* End XCBuildConfiguration section */

	};
	rootObject = {isa = PBXProject; };
}
